
Microsoft Visual Studio Solution File, Format Version 12.00
# Visual Studio Version 17
VisualStudioVersion = 17.0.31903.59
MinimumVisualStudioVersion = 10.0.40219.1
Project("{9A19103F-16F7-4668-BE54-9A1E7A4F7556}") = "ScreenSound", "ScreenSound\ScreenSound.csproj", "{A9CCE41C-6657-42BF-AED4-F3F578033037}"
EndProject
Project("{FAE04EC0-301F-11D3-BF4B-00C04F79EFBC}") = "ScreenSound.API", "ScreenSound.API\ScreenSound.API.csproj", "{30EDAD09-CC69-4971-9D24-E131C4337784}"
EndProject
Project("{FAE04EC0-301F-11D3-BF4B-00C04F79EFBC}") = "ScreenSound.Shared.Modelos", "ScreenSound.Shared.Modelos\ScreenSound.Shared.Modelos.csproj", "{18D5EC9F-22F7-4147-9607-24F8D66A62B4}"
EndProject
Project("{FAE04EC0-301F-11D3-BF4B-00C04F79EFBC}") = "ScreenSound.Shared.Dados", "ScreenSound.Shared.Dados\ScreenSound.Shared.Dados.csproj", "{10092985-97F7-4865-8DF5-BDE14F492285}"
EndProject
Project("{FAE04EC0-301F-11D3-BF4B-00C04F79EFBC}") = "ScreenSound.Shared", "ScreenSound.Shared\ScreenSound.Shared.csproj", "{569E0823-B16D-4C14-90A6-E4BE798DD78E}"
EndProject
Global
	GlobalSection(SolutionConfigurationPlatforms) = preSolution
		Debug|Any CPU = Debug|Any CPU
		Release|Any CPU = Release|Any CPU
	EndGlobalSection
	GlobalSection(ProjectConfigurationPlatforms) = postSolution
		{A9CCE41C-6657-42BF-AED4-F3F578033037}.Debug|Any CPU.ActiveCfg = Debug|Any CPU
		{A9CCE41C-6657-42BF-AED4-F3F578033037}.Debug|Any CPU.Build.0 = Debug|Any CPU
		{A9CCE41C-6657-42BF-AED4-F3F578033037}.Release|Any CPU.ActiveCfg = Release|Any CPU
		{A9CCE41C-6657-42BF-AED4-F3F578033037}.Release|Any CPU.Build.0 = Release|Any CPU
		{30EDAD09-CC69-4971-9D24-E131C4337784}.Debug|Any CPU.ActiveCfg = Debug|Any CPU
		{30EDAD09-CC69-4971-9D24-E131C4337784}.Debug|Any CPU.Build.0 = Debug|Any CPU
		{30EDAD09-CC69-4971-9D24-E131C4337784}.Release|Any CPU.ActiveCfg = Release|Any CPU
		{30EDAD09-CC69-4971-9D24-E131C4337784}.Release|Any CPU.Build.0 = Release|Any CPU
		{18D5EC9F-22F7-4147-9607-24F8D66A62B4}.Debug|Any CPU.ActiveCfg = Debug|Any CPU
		{18D5EC9F-22F7-4147-9607-24F8D66A62B4}.Debug|Any CPU.Build.0 = Debug|Any CPU
		{18D5EC9F-22F7-4147-9607-24F8D66A62B4}.Release|Any CPU.ActiveCfg = Release|Any CPU
		{18D5EC9F-22F7-4147-9607-24F8D66A62B4}.Release|Any CPU.Build.0 = Release|Any CPU
		{10092985-97F7-4865-8DF5-BDE14F492285}.Debug|Any CPU.ActiveCfg = Debug|Any CPU
		{10092985-97F7-4865-8DF5-BDE14F492285}.Debug|Any CPU.Build.0 = Debug|Any CPU
		{10092985-97F7-4865-8DF5-BDE14F492285}.Release|Any CPU.ActiveCfg = Release|Any CPU
		{10092985-97F7-4865-8DF5-BDE14F492285}.Release|Any CPU.Build.0 = Release|Any CPU
		{569E0823-B16D-4C14-90A6-E4BE798DD78E}.Debug|Any CPU.ActiveCfg = Debug|Any CPU
		{569E0823-B16D-4C14-90A6-E4BE798DD78E}.Debug|Any CPU.Build.0 = Debug|Any CPU
		{569E0823-B16D-4C14-90A6-E4BE798DD78E}.Release|Any CPU.ActiveCfg = Release|Any CPU
		{569E0823-B16D-4C14-90A6-E4BE798DD78E}.Release|Any CPU.Build.0 = Release|Any CPU
	EndGlobalSection
	GlobalSection(SolutionProperties) = preSolution
		HideSolutionNode = FALSE
	EndGlobalSection
	GlobalSection(ExtensibilityGlobals) = postSolution
		SolutionGuid = {DEB7786B-D8AA-477D-9D2E-0603972708B2}
	EndGlobalSection
EndGlobal
